
Microsoft Visual Studio Solution File, Format Version 12.00
# Visual Studio Version 17
VisualStudioVersion = 17.5.33414.496
MinimumVisualStudioVersion = 10.0.40219.1
Project("{9A19103F-16F7-4668-BE54-9A1E7A4F7556}") = "api", "api\api.csproj", "{44522C07-3352-4BC5-8B6F-48A3202A171F}"
EndProject
Project("{2150E333-8FDC-42A3-9474-1A3956D46DE8}") = "Solution Items", "Solution Items", "{9CA18188-9DE0-45D3-BB3D-6AF0A651899C}"
	ProjectSection(SolutionItems) = preProject
		docker-compose.local.yml = docker-compose.local.yml
	EndProjectSection
EndProject
Project("{FAE04EC0-301F-11D3-BF4B-00C04F79EFBC}") = "data-access", "data-access\data-access.csproj", "{06BE162F-7670-45C7-9C24-49C72559A822}"
EndProject
Project("{FAE04EC0-301F-11D3-BF4B-00C04F79EFBC}") = "function-simulator", "function-simulator\function-simulator.csproj", "{4B02CCB1-9A15-427F-B319-5641206177E5}"
EndProject
Project("{FAE04EC0-301F-11D3-BF4B-00C04F79EFBC}") = "services", "services\services.csproj", "{F3E7A8A2-5854-4425-97AF-5837F0AC2A75}"
EndProject
Global
	GlobalSection(SolutionConfigurationPlatforms) = preSolution
		Debug|Any CPU = Debug|Any CPU
		Release|Any CPU = Release|Any CPU
	EndGlobalSection
	GlobalSection(ProjectConfigurationPlatforms) = postSolution
		{44522C07-3352-4BC5-8B6F-48A3202A171F}.Debug|Any CPU.ActiveCfg = Debug|Any CPU
		{44522C07-3352-4BC5-8B6F-48A3202A171F}.Debug|Any CPU.Build.0 = Debug|Any CPU
		{44522C07-3352-4BC5-8B6F-48A3202A171F}.Release|Any CPU.ActiveCfg = Release|Any CPU
		{44522C07-3352-4BC5-8B6F-48A3202A171F}.Release|Any CPU.Build.0 = Release|Any CPU
		{06BE162F-7670-45C7-9C24-49C72559A822}.Debug|Any CPU.ActiveCfg = Debug|Any CPU
		{06BE162F-7670-45C7-9C24-49C72559A822}.Debug|Any CPU.Build.0 = Debug|Any CPU
		{06BE162F-7670-45C7-9C24-49C72559A822}.Release|Any CPU.ActiveCfg = Release|Any CPU
		{06BE162F-7670-45C7-9C24-49C72559A822}.Release|Any CPU.Build.0 = Release|Any CPU
		{4B02CCB1-9A15-427F-B319-5641206177E5}.Debug|Any CPU.ActiveCfg = Debug|Any CPU
		{4B02CCB1-9A15-427F-B319-5641206177E5}.Debug|Any CPU.Build.0 = Debug|Any CPU
		{4B02CCB1-9A15-427F-B319-5641206177E5}.Release|Any CPU.ActiveCfg = Release|Any CPU
		{4B02CCB1-9A15-427F-B319-5641206177E5}.Release|Any CPU.Build.0 = Release|Any CPU
		{F3E7A8A2-5854-4425-97AF-5837F0AC2A75}.Debug|Any CPU.ActiveCfg = Debug|Any CPU
		{F3E7A8A2-5854-4425-97AF-5837F0AC2A75}.Debug|Any CPU.Build.0 = Debug|Any CPU
		{F3E7A8A2-5854-4425-97AF-5837F0AC2A75}.Release|Any CPU.ActiveCfg = Release|Any CPU
		{F3E7A8A2-5854-4425-97AF-5837F0AC2A75}.Release|Any CPU.Build.0 = Release|Any CPU
	EndGlobalSection
	GlobalSection(SolutionProperties) = preSolution
		HideSolutionNode = FALSE
	EndGlobalSection
	GlobalSection(ExtensibilityGlobals) = postSolution
		SolutionGuid = {F489DA52-A382-49DC-842E-11416F375DC7}
	EndGlobalSection
EndGlobal
